
Microsoft Visual Studio Solution File, Format Version 12.00
# Visual Studio 15
VisualStudioVersion = 15.0.27703.2042
MinimumVisualStudioVersion = 10.0.40219.1
Project("{FAE04EC0-301F-11D3-BF4B-00C04F79EFBC}") = "TitleBarNone", "TitleBarNone\TitleBarNone.csproj", "{4A533562-A7B9-4205-A74C-7D7A7D01E566}"
EndProject
Global
	GlobalSection(SolutionConfigurationPlatforms) = preSolution
		Debug|Any CPU = Debug|Any CPU
		Release|Any CPU = Release|Any CPU
	EndGlobalSection
	GlobalSection(ProjectConfigurationPlatforms) = postSolution
		{4A533562-A7B9-4205-A74C-7D7A7D01E566}.Debug|Any CPU.ActiveCfg = Debug|Any CPU
		{4A533562-A7B9-4205-A74C-7D7A7D01E566}.Debug|Any CPU.Build.0 = Debug|Any CPU
		{4A533562-A7B9-4205-A74C-7D7A7D01E566}.Release|Any CPU.ActiveCfg = Release|Any CPU
		{4A533562-A7B9-4205-A74C-7D7A7D01E566}.Release|Any CPU.Build.0 = Release|Any CPU
	EndGlobalSection
	GlobalSection(SolutionProperties) = preSolution
		HideSolutionNode = FALSE
	EndGlobalSection
	GlobalSection(ExtensibilityGlobals) = postSolution
		SolutionGuid = {47B203F8-7BF4-47FC-AAC5-BD4AE55780F4}
	EndGlobalSection
EndGlobal
